{
  "name": "@zooduck/mbz-scrollbars",
  "version": "0.0.1",
  "lockfileVersion": 3,
  "requires": true,
  "packages": {
    "": {
      "name": "@zooduck/mbz-scrollbars",
      "version": "0.0.1",
      "license": "MIT",
      "devDependencies": {
        "@zooduck/build-tools": "^0.0.3",
        "@zooduck/simple-server": "^0.0.4"
      }
    },
    "node_modules/@zooduck/build-tools": {
      "version": "0.0.3",
      "resolved": "https://npm.pkg.github.com/download/@zooduck/build-tools/0.0.3/fd1c91a55cebc7c97158eea72d0a3de99192133c",
      "integrity": "sha512-qzJCNB+FHH5/DiP0+7tx1isUiwxIGB3VnVEnhX37v+hsOAK+RP+aQMiOTYwOqTmT+bFcxCSCB+hOTNCF1DmGgw==",
      "dev": true,
      "license": "MIT"
    },
    "node_modules/@zooduck/simple-server": {
      "version": "0.0.4",
      "resolved": "https://npm.pkg.github.com/download/@zooduck/simple-server/0.0.4/aa66ff2a81862e1f677f3259be4bc36bba38d445",
      "integrity": "sha512-LSNiGEO8l6383KjF5ONnGgvK8OR+U34+3iCYvXccMjIkzQ6jajTnKyxeVOew+eoF7Xe2L1VWGhYpCNBWgOQuBQ==",
      "dev": true,
      "license": "MIT"
    }
  }
}
